PODS:
  - Alamofire (4.8.2)
  - SSZipArchive (2.2.1)

DEPENDENCIES:
  - Alamofire
  - SSZipArchive

SPEC REPOS:
  https://github.com/cocoapods/specs.git:
    - Alamofire
    - SSZipArchive

SPEC CHECKSUMS:
  Alamofire: ae5c501addb7afdbb13687d7f2f722c78734c2d3
  SSZipArchive: 8e859da2520142e09166bc9161967db296e9d02f

PODFILE CHECKSUM: 81added9f2956d662a86e06b703abc1052956b0b

COCOAPODS: 1.6.1
