// !$*UTF8*$!
{
	archiveVersion = 1;
	classes = {
	};
	objectVersion = 50;
	objects = {

/* Begin PBXBuildFile section */
		0830474315252ABA7B9A457F /* Pods_DiktatBeauty.framework in Frameworks */ = {isa = PBXBuildFile; fileRef = C2DAF4292619A3BD8954AA3A /* Pods_DiktatBeauty.framework */; };
		64BB44E93F7B634818FEF4C5 /* Pods_DiktatBeautyTests.framework in Frameworks */ = {isa = PBXBuildFile; fileRef = 371499767E24326B33A66AF4 /* Pods_DiktatBeautyTests.framework */; };
		9A031CD122CB49E300DA4CA4 /* tanning_fire.gif in Resources */ = {isa = PBXBuildFile; fileRef = 9A031CD022CB49E300DA4CA4 /* tanning_fire.gif */; };
		9A031CD322CB5C2A00DA4CA4 /* makeup_woman_mirror.gif in Resources */ = {isa = PBXBuildFile; fileRef = 9A031CD222CB5C2A00DA4CA4 /* makeup_woman_mirror.gif */; };
		9A10306422BA631000CB80CF /* makeup_mirror.gif in Resources */ = {isa = PBXBuildFile; fileRef = 9A10306322BA631000CB80CF /* makeup_mirror.gif */; };
		9A4D624B22C1595000D81963 /* HistorySubtitleTableViewCell.swift in Sources */ = {isa = PBXBuildFile; fileRef = 9A4D624A22C1595000D81963 /* HistorySubtitleTableViewCell.swift */; };
		9A74EF4722B8CA8F0060AF98 /* SCNMaterial+Color.swift in Sources */ = {isa = PBXBuildFile; fileRef = 9A74EF4622B8CA8F0060AF98 /* SCNMaterial+Color.swift */; };
		9A7AD48322C9F96D001E3FE6 /* HistoryDetailsViewHelper.swift in Sources */ = {isa = PBXBuildFile; fileRef = 9A7AD48222C9F96D001E3FE6 /* HistoryDetailsViewHelper.swift */; };
		9ABD91E622BB905F000E0DAD /* anorexia_title.gif in Resources */ = {isa = PBXBuildFile; fileRef = 9ABD91E522BB905F000E0DAD /* anorexia_title.gif */; };
		9ABD91E822BBC9AE000E0DAD /* makeup_title.gif in Resources */ = {isa = PBXBuildFile; fileRef = 9ABD91E722BBC9AE000E0DAD /* makeup_title.gif */; };
		9AC1FA5F22BA083E003FD733 /* SCNMaterial+ImageInit.swift in Sources */ = {isa = PBXBuildFile; fileRef = 9AC1FA5E22BA083E003FD733 /* SCNMaterial+ImageInit.swift */; };
		9AC1FA6122BA0970003FD733 /* SCNPlane+Material.swift in Sources */ = {isa = PBXBuildFile; fileRef = 9AC1FA6022BA0970003FD733 /* SCNPlane+Material.swift */; };
		9AD7A01022BA169E00ACA73D /* SCNNode+FullInit.swift in Sources */ = {isa = PBXBuildFile; fileRef = 9AD7A00F22BA169E00ACA73D /* SCNNode+FullInit.swift */; };
		9AD7A01322BA210D00ACA73D /* GifHelper.swift in Sources */ = {isa = PBXBuildFile; fileRef = 9AD7A01222BA210D00ACA73D /* GifHelper.swift */; };
		9AF2BAFE22B406FB00D9D48C /* ParticlesNodeLayer.swift in Sources */ = {isa = PBXBuildFile; fileRef = 9AF2BAFD22B406FB00D9D48C /* ParticlesNodeLayer.swift */; };
		D201AADB227D697B00AD7139 /* ViewController+TouchEvent.swift in Sources */ = {isa = PBXBuildFile; fileRef = D201AADA227D697B00AD7139 /* ViewController+TouchEvent.swift */; };
		D210364722BA558800C03949 /* ScannedParticles.scnp in Resources */ = {isa = PBXBuildFile; fileRef = D210364522BA558800C03949 /* ScannedParticles.scnp */; };
		D210364822BA558800C03949 /* star.png in Resources */ = {isa = PBXBuildFile; fileRef = D210364622BA558800C03949 /* star.png */; };
		D210364B22BA576C00C03949 /* ScanParticleNodeLayer.swift in Sources */ = {isa = PBXBuildFile; fileRef = D210364A22BA576C00C03949 /* ScanParticleNodeLayer.swift */; };
		D21469DC22A143E400B75A3E /* HistoryVars.swift in Sources */ = {isa = PBXBuildFile; fileRef = D21469DB22A143E400B75A3E /* HistoryVars.swift */; };
		D24455B8228BEB3000096BE5 /* TouchEvent.swift in Sources */ = {isa = PBXBuildFile; fileRef = D24455B7228BEB3000096BE5 /* TouchEvent.swift */; };
		D24455BA228BEB7700096BE5 /* CustomNodeLayer+TouchEvent.swift in Sources */ = {isa = PBXBuildFile; fileRef = D24455B9228BEB7700096BE5 /* CustomNodeLayer+TouchEvent.swift */; };
		D24455BC228BECF400096BE5 /* TouchEventEffects.swift in Sources */ = {isa = PBXBuildFile; fileRef = D24455BB228BECF400096BE5 /* TouchEventEffects.swift */; };
		D24455C3228BF63000096BE5 /* NetworkManager.swift in Sources */ = {isa = PBXBuildFile; fileRef = D24455C2228BF63000096BE5 /* NetworkManager.swift */; };
		D24455C5228BF68200096BE5 /* String+Url.swift in Sources */ = {isa = PBXBuildFile; fileRef = D24455C4228BF68200096BE5 /* String+Url.swift */; };
		D24455C8228BF79200096BE5 /* NodeObject.swift in Sources */ = {isa = PBXBuildFile; fileRef = D24455C7228BF79200096BE5 /* NodeObject.swift */; };
		D24455CA228BFFFE00096BE5 /* ConvertToNodeLayer.swift in Sources */ = {isa = PBXBuildFile; fileRef = D24455C9228BFFFE00096BE5 /* ConvertToNodeLayer.swift */; };
		D24455CC228C090E00096BE5 /* Recognitazed.swift in Sources */ = {isa = PBXBuildFile; fileRef = D24455CB228C090E00096BE5 /* Recognitazed.swift */; };
		D273303A2279B6260028B325 /* ARPosition.swift in Sources */ = {isa = PBXBuildFile; fileRef = D27330392279B6260028B325 /* ARPosition.swift */; };
		D273303D2279BA1D0028B325 /* ARSize.swift in Sources */ = {isa = PBXBuildFile; fileRef = D273303C2279BA1D0028B325 /* ARSize.swift */; };
		D28594EA2265CBF400A967C8 /* AppDelegate.swift in Sources */ = {isa = PBXBuildFile; fileRef = D28594E92265CBF400A967C8 /* AppDelegate.swift */; };
		D28594EC2265CBF400A967C8 /* ViewController.swift in Sources */ = {isa = PBXBuildFile; fileRef = D28594EB2265CBF400A967C8 /* ViewController.swift */; };
		D28594EF2265CBF400A967C8 /* Main.storyboard in Resources */ = {isa = PBXBuildFile; fileRef = D28594ED2265CBF400A967C8 /* Main.storyboard */; };
		D28594F12265CBF500A967C8 /* Assets.xcassets in Resources */ = {isa = PBXBuildFile; fileRef = D28594F02265CBF500A967C8 /* Assets.xcassets */; };
		D28594F42265CBF500A967C8 /* LaunchScreen.storyboard in Resources */ = {isa = PBXBuildFile; fileRef = D28594F22265CBF500A967C8 /* LaunchScreen.storyboard */; };
		D28595032265CD7600A967C8 /* ViewController+ARSCNViewDelegate.swift in Sources */ = {isa = PBXBuildFile; fileRef = D28595022265CD7600A967C8 /* ViewController+ARSCNViewDelegate.swift */; };
		D28595052265CD9800A967C8 /* ViewController+ARSessionDelegate.swift in Sources */ = {isa = PBXBuildFile; fileRef = D28595042265CD9800A967C8 /* ViewController+ARSessionDelegate.swift */; };
		D285950A2265CEF000A967C8 /* ImageGifNodeLayer.swift in Sources */ = {isa = PBXBuildFile; fileRef = D28595062265CEF000A967C8 /* ImageGifNodeLayer.swift */; };
		D285950B2265CEF000A967C8 /* ImageNodeLayer.swift in Sources */ = {isa = PBXBuildFile; fileRef = D28595072265CEF000A967C8 /* ImageNodeLayer.swift */; };
		D285950C2265CEF000A967C8 /* ImageNode.swift in Sources */ = {isa = PBXBuildFile; fileRef = D28595082265CEF000A967C8 /* ImageNode.swift */; };
		D285950D2265CEF000A967C8 /* VideoNodeLayer.swift in Sources */ = {isa = PBXBuildFile; fileRef = D28595092265CEF000A967C8 /* VideoNodeLayer.swift */; };
		D28595162265F89900A967C8 /* UnitConverter.swift in Sources */ = {isa = PBXBuildFile; fileRef = D28595152265F89900A967C8 /* UnitConverter.swift */; };
		D28595212265F9EF00A967C8 /* DiktatBeautyTests.swift in Sources */ = {isa = PBXBuildFile; fileRef = D28595202265F9EF00A967C8 /* DiktatBeautyTests.swift */; };
		D289EB9622A7B26D0089B56B /* HistoryDetailsViewController.swift in Sources */ = {isa = PBXBuildFile; fileRef = D289EB9522A7B26D0089B56B /* HistoryDetailsViewController.swift */; };
		D289EB9822A7B2D00089B56B /* HistoryPosterTableViewCell.swift in Sources */ = {isa = PBXBuildFile; fileRef = D289EB9722A7B2D00089B56B /* HistoryPosterTableViewCell.swift */; };
		D289EB9A22A7B3300089B56B /* HistoryTextTableViewCell.swift in Sources */ = {isa = PBXBuildFile; fileRef = D289EB9922A7B3300089B56B /* HistoryTextTableViewCell.swift */; };
		D29A277E22AA93BC00216D5C /* spark.png in Resources */ = {isa = PBXBuildFile; fileRef = D29A277C22AA93BC00216D5C /* spark.png */; };
		D29A277F22AA93BC00216D5C /* Particles.scnp in Resources */ = {isa = PBXBuildFile; fileRef = D29A277D22AA93BC00216D5C /* Particles.scnp */; };
		D2BB362D22A5499600210642 /* TutorialViewController.swift in Sources */ = {isa = PBXBuildFile; fileRef = D2BB362C22A5499600210642 /* TutorialViewController.swift */; };
		D2D0D9F4228AA06A00B32B24 /* CustomNodeLayer.swift in Sources */ = {isa = PBXBuildFile; fileRef = D2D0D9F3228AA06A00B32B24 /* CustomNodeLayer.swift */; };
		D2D0D9F6228AAFA400B32B24 /* test.gif in Resources */ = {isa = PBXBuildFile; fileRef = D2D0D9F5228AAFA400B32B24 /* test.gif */; };
		D2F176F3229927CB007D4841 /* BluuNext-Bold.otf in Resources */ = {isa = PBXBuildFile; fileRef = D2F176F1229927B2007D4841 /* BluuNext-Bold.otf */; };
		D2F176F4229927CD007D4841 /* BluuNext-Bolditalic.otf in Resources */ = {isa = PBXBuildFile; fileRef = D2F176F2229927B2007D4841 /* BluuNext-Bolditalic.otf */; };
		D2F176F622992D75007D4841 /* HistoryViewController.swift in Sources */ = {isa = PBXBuildFile; fileRef = D2F176F522992D75007D4841 /* HistoryViewController.swift */; };
		D2F176F822992E7D007D4841 /* HistoryCollectionViewCell.swift in Sources */ = {isa = PBXBuildFile; fileRef = D2F176F722992E7D007D4841 /* HistoryCollectionViewCell.swift */; };
		D2F176FA22992EC9007D4841 /* Historized.swift in Sources */ = {isa = PBXBuildFile; fileRef = D2F176F922992EC9007D4841 /* Historized.swift */; };
		D2F176FC22992F23007D4841 /* HistoryFormat.swift in Sources */ = {isa = PBXBuildFile; fileRef = D2F176FB22992F23007D4841 /* HistoryFormat.swift */; };
/* End PBXBuildFile section */

/* Begin PBXContainerItemProxy section */
		D28595232265F9EF00A967C8 /* PBXContainerItemProxy */ = {
			isa = PBXContainerItemProxy;
			containerPortal = D28594DE2265CBF400A967C8 /* Project object */;
			proxyType = 1;
			remoteGlobalIDString = D28594E52265CBF400A967C8;
			remoteInfo = DiktatBeauty;
		};
/* End PBXContainerItemProxy section */

/* Begin PBXFileReference section */
		09002E0E9E74B9EFF6F320E2 /* Pods-DiktatBeauty.release.xcconfig */ = {isa = PBXFileReference; includeInIndex = 1; lastKnownFileType = text.xcconfig; name = "Pods-DiktatBeauty.release.xcconfig"; path = "Target Support Files/Pods-DiktatBeauty/Pods-DiktatBeauty.release.xcconfig"; sourceTree = "<group>"; };
		2568586EE8266140767B4E0C /* Pods-DiktatBeautyTests.release.xcconfig */ = {isa = PBXFileReference; includeInIndex = 1; lastKnownFileType = text.xcconfig; name = "Pods-DiktatBeautyTests.release.xcconfig"; path = "Target Support Files/Pods-DiktatBeautyTests/Pods-DiktatBeautyTests.release.xcconfig"; sourceTree = "<group>"; };
		371499767E24326B33A66AF4 /* Pods_DiktatBeautyTests.framework */ = {isa = PBXFileReference; explicitFileType = wrapper.framework; includeInIndex = 0; path = Pods_DiktatBeautyTests.framework; sourceTree = BUILT_PRODUCTS_DIR; };
		8AD51684F72013C0FA937457 /* Pods-DiktatBeautyTests.debug.xcconfig */ = {isa = PBXFileReference; includeInIndex = 1; lastKnownFileType = text.xcconfig; name = "Pods-DiktatBeautyTests.debug.xcconfig"; path = "Target Support Files/Pods-DiktatBeautyTests/Pods-DiktatBeautyTests.debug.xcconfig"; sourceTree = "<group>"; };
		9A031CD022CB49E300DA4CA4 /* tanning_fire.gif */ = {isa = PBXFileReference; lastKnownFileType = image.gif; path = tanning_fire.gif; sourceTree = "<group>"; };
		9A031CD222CB5C2A00DA4CA4 /* makeup_woman_mirror.gif */ = {isa = PBXFileReference; lastKnownFileType = image.gif; path = makeup_woman_mirror.gif; sourceTree = "<group>"; };
		9A10306322BA631000CB80CF /* makeup_mirror.gif */ = {isa = PBXFileReference; lastKnownFileType = image.gif; path = makeup_mirror.gif; sourceTree = "<group>"; };
		9A4D624A22C1595000D81963 /* HistorySubtitleTableViewCell.swift */ = {isa = PBXFileReference; lastKnownFileType = sourcecode.swift; path = HistorySubtitleTableViewCell.swift; sourceTree = "<group>"; };
		9A74EF4622B8CA8F0060AF98 /* SCNMaterial+Color.swift */ = {isa = PBXFileReference; lastKnownFileType = sourcecode.swift; path = "SCNMaterial+Color.swift"; sourceTree = "<group>"; };
		9A7AD48222C9F96D001E3FE6 /* HistoryDetailsViewHelper.swift */ = {isa = PBXFileReference; lastKnownFileType = sourcecode.swift; path = HistoryDetailsViewHelper.swift; sourceTree = "<group>"; };
		9ABD91E522BB905F000E0DAD /* anorexia_title.gif */ = {isa = PBXFileReference; lastKnownFileType = image.gif; path = anorexia_title.gif; sourceTree = "<group>"; };
		9ABD91E722BBC9AE000E0DAD /* makeup_title.gif */ = {isa = PBXFileReference; lastKnownFileType = image.gif; path = makeup_title.gif; sourceTree = "<group>"; };
		9AC1FA5E22BA083E003FD733 /* SCNMaterial+ImageInit.swift */ = {isa = PBXFileReference; lastKnownFileType = sourcecode.swift; path = "SCNMaterial+ImageInit.swift"; sourceTree = "<group>"; };
		9AC1FA6022BA0970003FD733 /* SCNPlane+Material.swift */ = {isa = PBXFileReference; lastKnownFileType = sourcecode.swift; path = "SCNPlane+Material.swift"; sourceTree = "<group>"; };
		9AD7A00F22BA169E00ACA73D /* SCNNode+FullInit.swift */ = {isa = PBXFileReference; lastKnownFileType = sourcecode.swift; path = "SCNNode+FullInit.swift"; sourceTree = "<group>"; };
		9AD7A01222BA210D00ACA73D /* GifHelper.swift */ = {isa = PBXFileReference; lastKnownFileType = sourcecode.swift; path = GifHelper.swift; sourceTree = "<group>"; };
		9AF2BAFD22B406FB00D9D48C /* ParticlesNodeLayer.swift */ = {isa = PBXFileReference; lastKnownFileType = sourcecode.swift; path = ParticlesNodeLayer.swift; sourceTree = "<group>"; };
		B8EA35818C8505AB0D22ECCB /* Pods-DiktatBeauty.debug.xcconfig */ = {isa = PBXFileReference; includeInIndex = 1; lastKnownFileType = text.xcconfig; name = "Pods-DiktatBeauty.debug.xcconfig"; path = "Target Support Files/Pods-DiktatBeauty/Pods-DiktatBeauty.debug.xcconfig"; sourceTree = "<group>"; };
		C2DAF4292619A3BD8954AA3A /* Pods_DiktatBeauty.framework */ = {isa = PBXFileReference; explicitFileType = wrapper.framework; includeInIndex = 0; path = Pods_DiktatBeauty.framework; sourceTree = BUILT_PRODUCTS_DIR; };
		D201AADA227D697B00AD7139 /* ViewController+TouchEvent.swift */ = {isa = PBXFileReference; lastKnownFileType = sourcecode.swift; path = "ViewController+TouchEvent.swift"; sourceTree = "<group>"; };
		D210364522BA558800C03949 /* ScannedParticles.scnp */ = {isa = PBXFileReference; lastKnownFileType = file.scp; path = ScannedParticles.scnp; sourceTree = "<group>"; };
		D210364622BA558800C03949 /* star.png */ = {isa = PBXFileReference; lastKnownFileType = image.png; path = star.png; sourceTree = "<group>"; };
		D210364A22BA576C00C03949 /* ScanParticleNodeLayer.swift */ = {isa = PBXFileReference; lastKnownFileType = sourcecode.swift; path = ScanParticleNodeLayer.swift; sourceTree = "<group>"; };
		D21469DB22A143E400B75A3E /* HistoryVars.swift */ = {isa = PBXFileReference; lastKnownFileType = sourcecode.swift; path = HistoryVars.swift; sourceTree = "<group>"; };
		D24455B7228BEB3000096BE5 /* TouchEvent.swift */ = {isa = PBXFileReference; lastKnownFileType = sourcecode.swift; path = TouchEvent.swift; sourceTree = "<group>"; };
		D24455B9228BEB7700096BE5 /* CustomNodeLayer+TouchEvent.swift */ = {isa = PBXFileReference; lastKnownFileType = sourcecode.swift; path = "CustomNodeLayer+TouchEvent.swift"; sourceTree = "<group>"; };
		D24455BB228BECF400096BE5 /* TouchEventEffects.swift */ = {isa = PBXFileReference; lastKnownFileType = sourcecode.swift; path = TouchEventEffects.swift; sourceTree = "<group>"; };
		D24455C2228BF63000096BE5 /* NetworkManager.swift */ = {isa = PBXFileReference; lastKnownFileType = sourcecode.swift; path = NetworkManager.swift; sourceTree = "<group>"; };
		D24455C4228BF68200096BE5 /* String+Url.swift */ = {isa = PBXFileReference; lastKnownFileType = sourcecode.swift; path = "String+Url.swift"; sourceTree = "<group>"; };
		D24455C7228BF79200096BE5 /* NodeObject.swift */ = {isa = PBXFileReference; lastKnownFileType = sourcecode.swift; path = NodeObject.swift; sourceTree = "<group>"; };
		D24455C9228BFFFE00096BE5 /* ConvertToNodeLayer.swift */ = {isa = PBXFileReference; lastKnownFileType = sourcecode.swift; path = ConvertToNodeLayer.swift; sourceTree = "<group>"; };
		D24455CB228C090E00096BE5 /* Recognitazed.swift */ = {isa = PBXFileReference; lastKnownFileType = sourcecode.swift; path = Recognitazed.swift; sourceTree = "<group>"; };
		D27330392279B6260028B325 /* ARPosition.swift */ = {isa = PBXFileReference; lastKnownFileType = sourcecode.swift; path = ARPosition.swift; sourceTree = "<group>"; };
		D273303C2279BA1D0028B325 /* ARSize.swift */ = {isa = PBXFileReference; lastKnownFileType = sourcecode.swift; path = ARSize.swift; sourceTree = "<group>"; };
		D28594E62265CBF400A967C8 /* DiktatBeauty.app */ = {isa = PBXFileReference; explicitFileType = wrapper.application; includeInIndex = 0; path = DiktatBeauty.app; sourceTree = BUILT_PRODUCTS_DIR; };
		D28594E92265CBF400A967C8 /* AppDelegate.swift */ = {isa = PBXFileReference; lastKnownFileType = sourcecode.swift; path = AppDelegate.swift; sourceTree = "<group>"; };
		D28594EB2265CBF400A967C8 /* ViewController.swift */ = {isa = PBXFileReference; lastKnownFileType = sourcecode.swift; path = ViewController.swift; sourceTree = "<group>"; };
		D28594EE2265CBF400A967C8 /* Base */ = {isa = PBXFileReference; lastKnownFileType = file.storyboard; name = Base; path = Base.lproj/Main.storyboard; sourceTree = "<group>"; };
		D28594F02265CBF500A967C8 /* Assets.xcassets */ = {isa = PBXFileReference; lastKnownFileType = folder.assetcatalog; path = Assets.xcassets; sourceTree = "<group>"; };
		D28594F32265CBF500A967C8 /* Base */ = {isa = PBXFileReference; lastKnownFileType = file.storyboard; name = Base; path = Base.lproj/LaunchScreen.storyboard; sourceTree = "<group>"; };
		D28594F52265CBF500A967C8 /* Info.plist */ = {isa = PBXFileReference; lastKnownFileType = text.plist.xml; path = Info.plist; sourceTree = "<group>"; };
		D28595022265CD7600A967C8 /* ViewController+ARSCNViewDelegate.swift */ = {isa = PBXFileReference; lastKnownFileType = sourcecode.swift; path = "ViewController+ARSCNViewDelegate.swift"; sourceTree = "<group>"; };
		D28595042265CD9800A967C8 /* ViewController+ARSessionDelegate.swift */ = {isa = PBXFileReference; lastKnownFileType = sourcecode.swift; path = "ViewController+ARSessionDelegate.swift"; sourceTree = "<group>"; };
		D28595062265CEF000A967C8 /* ImageGifNodeLayer.swift */ = {isa = PBXFileReference; fileEncoding = 4; lastKnownFileType = sourcecode.swift; path = ImageGifNodeLayer.swift; sourceTree = "<group>"; };
		D28595072265CEF000A967C8 /* ImageNodeLayer.swift */ = {isa = PBXFileReference; fileEncoding = 4; lastKnownFileType = sourcecode.swift; path = ImageNodeLayer.swift; sourceTree = "<group>"; };
		D28595082265CEF000A967C8 /* ImageNode.swift */ = {isa = PBXFileReference; fileEncoding = 4; lastKnownFileType = sourcecode.swift; path = ImageNode.swift; sourceTree = "<group>"; };
		D28595092265CEF000A967C8 /* VideoNodeLayer.swift */ = {isa = PBXFileReference; fileEncoding = 4; lastKnownFileType = sourcecode.swift; path = VideoNodeLayer.swift; sourceTree = "<group>"; };
		D28595152265F89900A967C8 /* UnitConverter.swift */ = {isa = PBXFileReference; lastKnownFileType = sourcecode.swift; path = UnitConverter.swift; sourceTree = "<group>"; };
		D285951E2265F9EF00A967C8 /* DiktatBeautyTests.xctest */ = {isa = PBXFileReference; explicitFileType = wrapper.cfbundle; includeInIndex = 0; path = DiktatBeautyTests.xctest; sourceTree = BUILT_PRODUCTS_DIR; };
		D28595202265F9EF00A967C8 /* DiktatBeautyTests.swift */ = {isa = PBXFileReference; lastKnownFileType = sourcecode.swift; path = DiktatBeautyTests.swift; sourceTree = "<group>"; };
		D28595222265F9EF00A967C8 /* Info.plist */ = {isa = PBXFileReference; lastKnownFileType = text.plist.xml; path = Info.plist; sourceTree = "<group>"; };
		D289EB9522A7B26D0089B56B /* HistoryDetailsViewController.swift */ = {isa = PBXFileReference; lastKnownFileType = sourcecode.swift; path = HistoryDetailsViewController.swift; sourceTree = "<group>"; };
		D289EB9722A7B2D00089B56B /* HistoryPosterTableViewCell.swift */ = {isa = PBXFileReference; lastKnownFileType = sourcecode.swift; path = HistoryPosterTableViewCell.swift; sourceTree = "<group>"; };
		D289EB9922A7B3300089B56B /* HistoryTextTableViewCell.swift */ = {isa = PBXFileReference; lastKnownFileType = sourcecode.swift; path = HistoryTextTableViewCell.swift; sourceTree = "<group>"; };
		D29A277C22AA93BC00216D5C /* spark.png */ = {isa = PBXFileReference; lastKnownFileType = image.png; path = spark.png; sourceTree = "<group>"; };
		D29A277D22AA93BC00216D5C /* Particles.scnp */ = {isa = PBXFileReference; lastKnownFileType = file.scp; path = Particles.scnp; sourceTree = "<group>"; };
		D2BB362C22A5499600210642 /* TutorialViewController.swift */ = {isa = PBXFileReference; lastKnownFileType = sourcecode.swift; path = TutorialViewController.swift; sourceTree = "<group>"; };
		D2D0D9F3228AA06A00B32B24 /* CustomNodeLayer.swift */ = {isa = PBXFileReference; lastKnownFileType = sourcecode.swift; path = CustomNodeLayer.swift; sourceTree = "<group>"; };
		D2D0D9F5228AAFA400B32B24 /* test.gif */ = {isa = PBXFileReference; lastKnownFileType = image.gif; path = test.gif; sourceTree = "<group>"; };
		D2F176F1229927B2007D4841 /* BluuNext-Bold.otf */ = {isa = PBXFileReference; lastKnownFileType = file; path = "BluuNext-Bold.otf"; sourceTree = "<group>"; };
		D2F176F2229927B2007D4841 /* BluuNext-Bolditalic.otf */ = {isa = PBXFileReference; lastKnownFileType = file; path = "BluuNext-Bolditalic.otf"; sourceTree = "<group>"; };
		D2F176F522992D75007D4841 /* HistoryViewController.swift */ = {isa = PBXFileReference; lastKnownFileType = sourcecode.swift; path = HistoryViewController.swift; sourceTree = "<group>"; };
		D2F176F722992E7D007D4841 /* HistoryCollectionViewCell.swift */ = {isa = PBXFileReference; lastKnownFileType = sourcecode.swift; path = HistoryCollectionViewCell.swift; sourceTree = "<group>"; };
		D2F176F922992EC9007D4841 /* Historized.swift */ = {isa = PBXFileReference; lastKnownFileType = sourcecode.swift; path = Historized.swift; sourceTree = "<group>"; };
		D2F176FB22992F23007D4841 /* HistoryFormat.swift */ = {isa = PBXFileReference; lastKnownFileType = sourcecode.swift; path = HistoryFormat.swift; sourceTree = "<group>"; };
/* End PBXFileReference section */

/* Begin PBXFrameworksBuildPhase section */
		D28594E32265CBF400A967C8 /* Frameworks */ = {
			isa = PBXFrameworksBuildPhase;
			buildActionMask = 2147483647;
			files = (
				0830474315252ABA7B9A457F /* Pods_DiktatBeauty.framework in Frameworks */,
			);
			runOnlyForDeploymentPostprocessing = 0;
		};
		D285951B2265F9EF00A967C8 /* Frameworks */ = {
			isa = PBXFrameworksBuildPhase;
			buildActionMask = 2147483647;
			files = (
				64BB44E93F7B634818FEF4C5 /* Pods_DiktatBeautyTests.framework in Frameworks */,
			);
			runOnlyForDeploymentPostprocessing = 0;
		};
/* End PBXFrameworksBuildPhase section */

/* Begin PBXGroup section */
		01048FAD39F6E7ECBA0C28E1 /* Frameworks */ = {
			isa = PBXGroup;
			children = (
				C2DAF4292619A3BD8954AA3A /* Pods_DiktatBeauty.framework */,
				371499767E24326B33A66AF4 /* Pods_DiktatBeautyTests.framework */,
			);
			name = Frameworks;
			sourceTree = "<group>";
		};
		80CBCFDF7F6F7BDA238B548B /* Pods */ = {
			isa = PBXGroup;
			children = (
				B8EA35818C8505AB0D22ECCB /* Pods-DiktatBeauty.debug.xcconfig */,
				09002E0E9E74B9EFF6F320E2 /* Pods-DiktatBeauty.release.xcconfig */,
				8AD51684F72013C0FA937457 /* Pods-DiktatBeautyTests.debug.xcconfig */,
				2568586EE8266140767B4E0C /* Pods-DiktatBeautyTests.release.xcconfig */,
			);
			path = Pods;
			sourceTree = "<group>";
		};
		9A031CCF22CB49AD00DA4CA4 /* Tanning */ = {
			isa = PBXGroup;
			children = (
				9A031CD022CB49E300DA4CA4 /* tanning_fire.gif */,
			);
			path = Tanning;
			sourceTree = "<group>";
		};
		9A10305E22BA5C7200CB80CF /* Gifs */ = {
			isa = PBXGroup;
			children = (
				9A031CCF22CB49AD00DA4CA4 /* Tanning */,
				9ABD91E422BB904A000E0DAD /* Anorexia */,
				9ABD91E322BB748A000E0DAD /* Makeup */,
			);
			path = Gifs;
			sourceTree = "<group>";
		};
		9A74EF4522B8CA650060AF98 /* Extensions */ = {
			isa = PBXGroup;
			children = (
				9A74EF4622B8CA8F0060AF98 /* SCNMaterial+Color.swift */,
				9AC1FA5E22BA083E003FD733 /* SCNMaterial+ImageInit.swift */,
				9AC1FA6022BA0970003FD733 /* SCNPlane+Material.swift */,
				9AD7A00F22BA169E00ACA73D /* SCNNode+FullInit.swift */,
			);
			path = Extensions;
			sourceTree = "<group>";
		};
		9A7AD48122C9F90B001E3FE6 /* Helpers */ = {
			isa = PBXGroup;
			children = (
				9A7AD48222C9F96D001E3FE6 /* HistoryDetailsViewHelper.swift */,
			);
			path = Helpers;
			sourceTree = "<group>";
		};
		9ABD91E322BB748A000E0DAD /* Makeup */ = {
			isa = PBXGroup;
			children = (
				9A10306322BA631000CB80CF /* makeup_mirror.gif */,
				9ABD91E722BBC9AE000E0DAD /* makeup_title.gif */,
				9A031CD222CB5C2A00DA4CA4 /* makeup_woman_mirror.gif */,
			);
			path = Makeup;
			sourceTree = "<group>";
		};
		9ABD91E422BB904A000E0DAD /* Anorexia */ = {
			isa = PBXGroup;
			children = (
				9ABD91E522BB905F000E0DAD /* anorexia_title.gif */,
			);
			path = Anorexia;
			sourceTree = "<group>";
		};
		9AD7A01122BA20F400ACA73D /* Helpers */ = {
			isa = PBXGroup;
			children = (
				9AD7A01222BA210D00ACA73D /* GifHelper.swift */,
			);
			path = Helpers;
			sourceTree = "<group>";
		};
		D210364922BA565C00C03949 /* Particles */ = {
			isa = PBXGroup;
			children = (
				D29A277D22AA93BC00216D5C /* Particles.scnp */,
				D210364622BA558800C03949 /* star.png */,
				D210364522BA558800C03949 /* ScannedParticles.scnp */,
				D29A277C22AA93BC00216D5C /* spark.png */,
			);
			path = Particles;
			sourceTree = "<group>";
		};
		D24455BD228BF1CD00096BE5 /* Loader */ = {
			isa = PBXGroup;
			children = (
				D24455C6228BF71400096BE5 /* Models */,
				D24455BE228BF1E600096BE5 /* Services */,
				D24455BF228BF1F100096BE5 /* Extensions */,
			);
			path = Loader;
			sourceTree = "<group>";
		};
		D24455BE228BF1E600096BE5 /* Services */ = {
			isa = PBXGroup;
			children = (
				D24455C2228BF63000096BE5 /* NetworkManager.swift */,
				D24455C9228BFFFE00096BE5 /* ConvertToNodeLayer.swift */,
			);
			path = Services;
			sourceTree = "<group>";
		};
		D24455BF228BF1F100096BE5 /* Extensions */ = {
			isa = PBXGroup;
			children = (
				D24455C4228BF68200096BE5 /* String+Url.swift */,
			);
			path = Extensions;
			sourceTree = "<group>";
		};
		D24455C6228BF71400096BE5 /* Models */ = {
			isa = PBXGroup;
			children = (
				D24455C7228BF79200096BE5 /* NodeObject.swift */,
			);
			path = Models;
			sourceTree = "<group>";
		};
		D273303B2279BA0F0028B325 /* ARUtils */ = {
			isa = PBXGroup;
			children = (
				D27330392279B6260028B325 /* ARPosition.swift */,
				D273303C2279BA1D0028B325 /* ARSize.swift */,
				D24455B7228BEB3000096BE5 /* TouchEvent.swift */,
				D24455BB228BECF400096BE5 /* TouchEventEffects.swift */,
			);
			path = ARUtils;
			sourceTree = "<group>";
		};
		D28594DD2265CBF400A967C8 = {
			isa = PBXGroup;
			children = (
				D28594E82265CBF400A967C8 /* DiktatBeauty */,
				D285951F2265F9EF00A967C8 /* DiktatBeautyTests */,
				D28594E72265CBF400A967C8 /* Products */,
				80CBCFDF7F6F7BDA238B548B /* Pods */,
				01048FAD39F6E7ECBA0C28E1 /* Frameworks */,
			);
			sourceTree = "<group>";
		};
		D28594E72265CBF400A967C8 /* Products */ = {
			isa = PBXGroup;
			children = (
				D28594E62265CBF400A967C8 /* DiktatBeauty.app */,
				D285951E2265F9EF00A967C8 /* DiktatBeautyTests.xctest */,
			);
			name = Products;
			sourceTree = "<group>";
		};
		D28594E82265CBF400A967C8 /* DiktatBeauty */ = {
			isa = PBXGroup;
			children = (
				D28594F52265CBF500A967C8 /* Info.plist */,
				D28594FD2265CC2B00A967C8 /* Resources */,
				D28594FC2265CC2500A967C8 /* Global */,
				D28594FB2265CC1D00A967C8 /* Features */,
				D28594E92265CBF400A967C8 /* AppDelegate.swift */,
			);
			path = DiktatBeauty;
			sourceTree = "<group>";
		};
		D28594FB2265CC1D00A967C8 /* Features */ = {
			isa = PBXGroup;
			children = (
				D2FD07B522A3A65800DC9C1C /* Tutorial */,
				D24455BD228BF1CD00096BE5 /* Loader */,
				D28594FE2265CC4700A967C8 /* AR */,
				D285950E2265D7F200A967C8 /* History */,
			);
			path = Features;
			sourceTree = "<group>";
		};
		D28594FC2265CC2500A967C8 /* Global */ = {
			isa = PBXGroup;
			children = (
				D28595132265F88000A967C8 /* Utils */,
			);
			path = Global;
			sourceTree = "<group>";
		};
		D28594FD2265CC2B00A967C8 /* Resources */ = {
			isa = PBXGroup;
			children = (
				9A10305E22BA5C7200CB80CF /* Gifs */,
				D210364922BA565C00C03949 /* Particles */,
				D2F176F02299278A007D4841 /* Fonts */,
				D2D0D9F5228AAFA400B32B24 /* test.gif */,
				D28594F02265CBF500A967C8 /* Assets.xcassets */,
				D28594F22265CBF500A967C8 /* LaunchScreen.storyboard */,
				D28594ED2265CBF400A967C8 /* Main.storyboard */,
			);
			path = Resources;
			sourceTree = "<group>";
		};
		D28594FE2265CC4700A967C8 /* AR */ = {
			isa = PBXGroup;
			children = (
				9AD7A01122BA20F400ACA73D /* Helpers */,
				9A74EF4522B8CA650060AF98 /* Extensions */,
				D28595012265CC6700A967C8 /* Services */,
				D28595002265CC5D00A967C8 /* Models */,
				D28594FF2265CC5400A967C8 /* ViewControllers */,
			);
			path = AR;
			sourceTree = "<group>";
		};
		D28594FF2265CC5400A967C8 /* ViewControllers */ = {
			isa = PBXGroup;
			children = (
				D28594EB2265CBF400A967C8 /* ViewController.swift */,
				D28595022265CD7600A967C8 /* ViewController+ARSCNViewDelegate.swift */,
				D28595042265CD9800A967C8 /* ViewController+ARSessionDelegate.swift */,
				D201AADA227D697B00AD7139 /* ViewController+TouchEvent.swift */,
			);
			path = ViewControllers;
			sourceTree = "<group>";
		};
		D28595002265CC5D00A967C8 /* Models */ = {
			isa = PBXGroup;
			children = (
				D273303B2279BA0F0028B325 /* ARUtils */,
				D28595062265CEF000A967C8 /* ImageGifNodeLayer.swift */,
				D28595082265CEF000A967C8 /* ImageNode.swift */,
				D28595072265CEF000A967C8 /* ImageNodeLayer.swift */,
				D28595092265CEF000A967C8 /* VideoNodeLayer.swift */,
				D2D0D9F3228AA06A00B32B24 /* CustomNodeLayer.swift */,
				D24455B9228BEB7700096BE5 /* CustomNodeLayer+TouchEvent.swift */,
				9AF2BAFD22B406FB00D9D48C /* ParticlesNodeLayer.swift */,
				D210364A22BA576C00C03949 /* ScanParticleNodeLayer.swift */,
			);
			path = Models;
			sourceTree = "<group>";
		};
		D28595012265CC6700A967C8 /* Services */ = {
			isa = PBXGroup;
			children = (
				D24455CB228C090E00096BE5 /* Recognitazed.swift */,
			);
			path = Services;
			sourceTree = "<group>";
		};
		D285950E2265D7F200A967C8 /* History */ = {
			isa = PBXGroup;
			children = (
				9A7AD48122C9F90B001E3FE6 /* Helpers */,
				D28595122265D81400A967C8 /* ViewControllers */,
				D28595112265D81000A967C8 /* UI */,
				D28595102265D80B00A967C8 /* Models */,
				D285950F2265D80100A967C8 /* Services */,
				D21469DB22A143E400B75A3E /* HistoryVars.swift */,
			);
			path = History;
			sourceTree = "<group>";
		};
		D285950F2265D80100A967C8 /* Services */ = {
			isa = PBXGroup;
			children = (
				D2F176F922992EC9007D4841 /* Historized.swift */,
			);
			path = Services;
			sourceTree = "<group>";
		};
		D28595102265D80B00A967C8 /* Models */ = {
			isa = PBXGroup;
			children = (
				D2F176FB22992F23007D4841 /* HistoryFormat.swift */,
			);
			path = Models;
			sourceTree = "<group>";
		};
		D28595112265D81000A967C8 /* UI */ = {
			isa = PBXGroup;
			children = (
				D2F176F722992E7D007D4841 /* HistoryCollectionViewCell.swift */,
				D289EB9722A7B2D00089B56B /* HistoryPosterTableViewCell.swift */,
				D289EB9922A7B3300089B56B /* HistoryTextTableViewCell.swift */,
				9A4D624A22C1595000D81963 /* HistorySubtitleTableViewCell.swift */,
			);
			path = UI;
			sourceTree = "<group>";
		};
		D28595122265D81400A967C8 /* ViewControllers */ = {
			isa = PBXGroup;
			children = (
				D2F176F522992D75007D4841 /* HistoryViewController.swift */,
				D289EB9522A7B26D0089B56B /* HistoryDetailsViewController.swift */,
			);
			path = ViewControllers;
			sourceTree = "<group>";
		};
		D28595132265F88000A967C8 /* Utils */ = {
			isa = PBXGroup;
			children = (
				D28595152265F89900A967C8 /* UnitConverter.swift */,
			);
			path = Utils;
			sourceTree = "<group>";
		};
		D285951F2265F9EF00A967C8 /* DiktatBeautyTests */ = {
			isa = PBXGroup;
			children = (
				D28595202265F9EF00A967C8 /* DiktatBeautyTests.swift */,
				D28595222265F9EF00A967C8 /* Info.plist */,
			);
			path = DiktatBeautyTests;
			sourceTree = "<group>";
		};
		D2BB362B22A5496E00210642 /* ViewControllers */ = {
			isa = PBXGroup;
			children = (
				D2BB362C22A5499600210642 /* TutorialViewController.swift */,
			);
			path = ViewControllers;
			sourceTree = "<group>";
		};
		D2F176F02299278A007D4841 /* Fonts */ = {
			isa = PBXGroup;
			children = (
				D2F176F1229927B2007D4841 /* BluuNext-Bold.otf */,
				D2F176F2229927B2007D4841 /* BluuNext-Bolditalic.otf */,
			);
			path = Fonts;
			sourceTree = "<group>";
		};
		D2FD07B522A3A65800DC9C1C /* Tutorial */ = {
			isa = PBXGroup;
			children = (
				D2BB362B22A5496E00210642 /* ViewControllers */,
			);
			path = Tutorial;
			sourceTree = "<group>";
		};
/* End PBXGroup section */

/* Begin PBXNativeTarget section */
		D28594E52265CBF400A967C8 /* DiktatBeauty */ = {
			isa = PBXNativeTarget;
			buildConfigurationList = D28594F82265CBF500A967C8 /* Build configuration list for PBXNativeTarget "DiktatBeauty" */;
			buildPhases = (
				FE9B56E8F005E6771169EF3D /* [CP] Check Pods Manifest.lock */,
				D28594E22265CBF400A967C8 /* Sources */,
				D28594E32265CBF400A967C8 /* Frameworks */,
				D28594E42265CBF400A967C8 /* Resources */,
				68CF7C104D27876190A25D4F /* [CP] Embed Pods Frameworks */,
			);
			buildRules = (
			);
			dependencies = (
			);
			name = DiktatBeauty;
			productName = DiktatBeauty;
			productReference = D28594E62265CBF400A967C8 /* DiktatBeauty.app */;
			productType = "com.apple.product-type.application";
		};
		D285951D2265F9EF00A967C8 /* DiktatBeautyTests */ = {
			isa = PBXNativeTarget;
			buildConfigurationList = D28595252265F9EF00A967C8 /* Build configuration list for PBXNativeTarget "DiktatBeautyTests" */;
			buildPhases = (
				5D41786E6AA98153517CBFB6 /* [CP] Check Pods Manifest.lock */,
				D285951A2265F9EF00A967C8 /* Sources */,
				D285951B2265F9EF00A967C8 /* Frameworks */,
				D285951C2265F9EF00A967C8 /* Resources */,
			);
			buildRules = (
			);
			dependencies = (
				D28595242265F9EF00A967C8 /* PBXTargetDependency */,
			);
			name = DiktatBeautyTests;
			productName = DiktatBeautyTests;
			productReference = D285951E2265F9EF00A967C8 /* DiktatBeautyTests.xctest */;
			productType = "com.apple.product-type.bundle.unit-test";
		};
/* End PBXNativeTarget section */

/* Begin PBXProject section */
		D28594DE2265CBF400A967C8 /* Project object */ = {
			isa = PBXProject;
			attributes = {
				LastSwiftUpdateCheck = 1020;
				LastUpgradeCheck = 1020;
				ORGANIZATIONNAME = "Loris Pinna";
				TargetAttributes = {
					D28594E52265CBF400A967C8 = {
						CreatedOnToolsVersion = 10.2;
					};
					D285951D2265F9EF00A967C8 = {
						CreatedOnToolsVersion = 10.2;
						TestTargetID = D28594E52265CBF400A967C8;
					};
				};
			};
			buildConfigurationList = D28594E12265CBF400A967C8 /* Build configuration list for PBXProject "DiktatBeauty" */;
			compatibilityVersion = "Xcode 9.3";
			developmentRegion = en;
			hasScannedForEncodings = 0;
			knownRegions = (
				en,
				Base,
			);
			mainGroup = D28594DD2265CBF400A967C8;
			productRefGroup = D28594E72265CBF400A967C8 /* Products */;
			projectDirPath = "";
			projectRoot = "";
			targets = (
				D28594E52265CBF400A967C8 /* DiktatBeauty */,
				D285951D2265F9EF00A967C8 /* DiktatBeautyTests */,
			);
		};
/* End PBXProject section */

/* Begin PBXResourcesBuildPhase section */
		D28594E42265CBF400A967C8 /* Resources */ = {
			isa = PBXResourcesBuildPhase;
			buildActionMask = 2147483647;
			files = (
				9A031CD322CB5C2A00DA4CA4 /* makeup_woman_mirror.gif in Resources */,
				9A031CD122CB49E300DA4CA4 /* tanning_fire.gif in Resources */,
				9A10306422BA631000CB80CF /* makeup_mirror.gif in Resources */,
				D2D0D9F6228AAFA400B32B24 /* test.gif in Resources */,
				9ABD91E622BB905F000E0DAD /* anorexia_title.gif in Resources */,
				D210364822BA558800C03949 /* star.png in Resources */,
				D2F176F4229927CD007D4841 /* BluuNext-Bolditalic.otf in Resources */,
				D28594F42265CBF500A967C8 /* LaunchScreen.storyboard in Resources */,
				D29A277F22AA93BC00216D5C /* Particles.scnp in Resources */,
				9ABD91E822BBC9AE000E0DAD /* makeup_title.gif in Resources */,
				D29A277E22AA93BC00216D5C /* spark.png in Resources */,
				D210364722BA558800C03949 /* ScannedParticles.scnp in Resources */,
				D28594F12265CBF500A967C8 /* Assets.xcassets in Resources */,
				D2F176F3229927CB007D4841 /* BluuNext-Bold.otf in Resources */,
				D28594EF2265CBF400A967C8 /* Main.storyboard in Resources */,
			);
			runOnlyForDeploymentPostprocessing = 0;
		};
		D285951C2265F9EF00A967C8 /* Resources */ = {
			isa = PBXResourcesBuildPhase;
			buildActionMask = 2147483647;
			files = (
			);
			runOnlyForDeploymentPostprocessing = 0;
		};
/* End PBXResourcesBuildPhase section */

/* Begin PBXShellScriptBuildPhase section */
		5D41786E6AA98153517CBFB6 /* [CP] Check Pods Manifest.lock */ = {
			isa = PBXShellScriptBuildPhase;
			buildActionMask = 2147483647;
			files = (
			);
			inputFileListPaths = (
			);
			inputPaths = (
				"${PODS_PODFILE_DIR_PATH}/Podfile.lock",
				"${PODS_ROOT}/Manifest.lock",
			);
			name = "[CP] Check Pods Manifest.lock";
			outputFileListPaths = (
			);
			outputPaths = (
				"$(DERIVED_FILE_DIR)/Pods-DiktatBeautyTests-checkManifestLockResult.txt",
			);
			runOnlyForDeploymentPostprocessing = 0;
			shellPath = /bin/sh;
			shellScript = "diff \"${PODS_PODFILE_DIR_PATH}/Podfile.lock\" \"${PODS_ROOT}/Manifest.lock\" > /dev/null\nif [ $? != 0 ] ; then\n    # print error to STDERR\n    echo \"error: The sandbox is not in sync with the Podfile.lock. Run 'pod install' or update your CocoaPods installation.\" >&2\n    exit 1\nfi\n# This output is used by Xcode 'outputs' to avoid re-running this script phase.\necho \"SUCCESS\" > \"${SCRIPT_OUTPUT_FILE_0}\"\n";
			showEnvVarsInLog = 0;
		};
		68CF7C104D27876190A25D4F /* [CP] Embed Pods Frameworks */ = {
			isa = PBXShellScriptBuildPhase;
			buildActionMask = 2147483647;
			files = (
			);
			inputFileListPaths = (
			);
			inputPaths = (
				"${PODS_ROOT}/Target Support Files/Pods-DiktatBeauty/Pods-DiktatBeauty-frameworks.sh",
				"${BUILT_PRODUCTS_DIR}/Alamofire/Alamofire.framework",
				"${BUILT_PRODUCTS_DIR}/SSZipArchive/SSZipArchive.framework",
			);
			name = "[CP] Embed Pods Frameworks";
			outputFileListPaths = (
			);
			outputPaths = (
				"${TARGET_BUILD_DIR}/${FRAMEWORKS_FOLDER_PATH}/Alamofire.framework",
				"${TARGET_BUILD_DIR}/${FRAMEWORKS_FOLDER_PATH}/SSZipArchive.framework",
			);
			runOnlyForDeploymentPostprocessing = 0;
			shellPath = /bin/sh;
			shellScript = "\"${PODS_ROOT}/Target Support Files/Pods-DiktatBeauty/Pods-DiktatBeauty-frameworks.sh\"\n";
			showEnvVarsInLog = 0;
		};
		FE9B56E8F005E6771169EF3D /* [CP] Check Pods Manifest.lock */ = {
			isa = PBXShellScriptBuildPhase;
			buildActionMask = 2147483647;
			files = (
			);
			inputFileListPaths = (
			);
			inputPaths = (
				"${PODS_PODFILE_DIR_PATH}/Podfile.lock",
				"${PODS_ROOT}/Manifest.lock",
			);
			name = "[CP] Check Pods Manifest.lock";
			outputFileListPaths = (
			);
			outputPaths = (
				"$(DERIVED_FILE_DIR)/Pods-DiktatBeauty-checkManifestLockResult.txt",
			);
			runOnlyForDeploymentPostprocessing = 0;
			shellPath = /bin/sh;
			shellScript = "diff \"${PODS_PODFILE_DIR_PATH}/Podfile.lock\" \"${PODS_ROOT}/Manifest.lock\" > /dev/null\nif [ $? != 0 ] ; then\n    # print error to STDERR\n    echo \"error: The sandbox is not in sync with the Podfile.lock. Run 'pod install' or update your CocoaPods installation.\" >&2\n    exit 1\nfi\n# This output is used by Xcode 'outputs' to avoid re-running this script phase.\necho \"SUCCESS\" > \"${SCRIPT_OUTPUT_FILE_0}\"\n";
			showEnvVarsInLog = 0;
		};
/* End PBXShellScriptBuildPhase section */

/* Begin PBXSourcesBuildPhase section */
		D28594E22265CBF400A967C8 /* Sources */ = {
			isa = PBXSourcesBuildPhase;
			buildActionMask = 2147483647;
			files = (
				D24455C5228BF68200096BE5 /* String+Url.swift in Sources */,
				D273303D2279BA1D0028B325 /* ARSize.swift in Sources */,
				D285950C2265CEF000A967C8 /* ImageNode.swift in Sources */,
				D285950D2265CEF000A967C8 /* VideoNodeLayer.swift in Sources */,
				D28595032265CD7600A967C8 /* ViewController+ARSCNViewDelegate.swift in Sources */,
				D2F176FC22992F23007D4841 /* HistoryFormat.swift in Sources */,
				D210364B22BA576C00C03949 /* ScanParticleNodeLayer.swift in Sources */,
				D2F176F622992D75007D4841 /* HistoryViewController.swift in Sources */,
				D289EB9822A7B2D00089B56B /* HistoryPosterTableViewCell.swift in Sources */,
				D28595052265CD9800A967C8 /* ViewController+ARSessionDelegate.swift in Sources */,
				D289EB9622A7B26D0089B56B /* HistoryDetailsViewController.swift in Sources */,
				D24455CA228BFFFE00096BE5 /* ConvertToNodeLayer.swift in Sources */,
				D201AADB227D697B00AD7139 /* ViewController+TouchEvent.swift in Sources */,
				D2BB362D22A5499600210642 /* TutorialViewController.swift in Sources */,
				D21469DC22A143E400B75A3E /* HistoryVars.swift in Sources */,
				D24455CC228C090E00096BE5 /* Recognitazed.swift in Sources */,
				9A74EF4722B8CA8F0060AF98 /* SCNMaterial+Color.swift in Sources */,
				D28594EC2265CBF400A967C8 /* ViewController.swift in Sources */,
				D24455BC228BECF400096BE5 /* TouchEventEffects.swift in Sources */,
				9AF2BAFE22B406FB00D9D48C /* ParticlesNodeLayer.swift in Sources */,
				D273303A2279B6260028B325 /* ARPosition.swift in Sources */,
				9AD7A01322BA210D00ACA73D /* GifHelper.swift in Sources */,
				9AC1FA6122BA0970003FD733 /* SCNPlane+Material.swift in Sources */,
				D285950B2265CEF000A967C8 /* ImageNodeLayer.swift in Sources */,
				9AC1FA5F22BA083E003FD733 /* SCNMaterial+ImageInit.swift in Sources */,
				D24455C3228BF63000096BE5 /* NetworkManager.swift in Sources */,
				D2F176F822992E7D007D4841 /* HistoryCollectionViewCell.swift in Sources */,
				D289EB9A22A7B3300089B56B /* HistoryTextTableViewCell.swift in Sources */,
				D2F176FA22992EC9007D4841 /* Historized.swift in Sources */,
				D24455C8228BF79200096BE5 /* NodeObject.swift in Sources */,
				D24455BA228BEB7700096BE5 /* CustomNodeLayer+TouchEvent.swift in Sources */,
				9A4D624B22C1595000D81963 /* HistorySubtitleTableViewCell.swift in Sources */,
				D28595162265F89900A967C8 /* UnitConverter.swift in Sources */,
				D285950A2265CEF000A967C8 /* ImageGifNodeLayer.swift in Sources */,
				D28594EA2265CBF400A967C8 /* AppDelegate.swift in Sources */,
				9A7AD48322C9F96D001E3FE6 /* HistoryDetailsViewHelper.swift in Sources */,
				D24455B8228BEB3000096BE5 /* TouchEvent.swift in Sources */,
				9AD7A01022BA169E00ACA73D /* SCNNode+FullInit.swift in Sources */,
				D2D0D9F4228AA06A00B32B24 /* CustomNodeLayer.swift in Sources */,
			);
			runOnlyForDeploymentPostprocessing = 0;
		};
		D285951A2265F9EF00A967C8 /* Sources */ = {
			isa = PBXSourcesBuildPhase;
			buildActionMask = 2147483647;
			files = (
				D28595212265F9EF00A967C8 /* DiktatBeautyTests.swift in Sources */,
			);
			runOnlyForDeploymentPostprocessing = 0;
		};
/* End PBXSourcesBuildPhase section */

/* Begin PBXTargetDependency section */
		D28595242265F9EF00A967C8 /* PBXTargetDependency */ = {
			isa = PBXTargetDependency;
			target = D28594E52265CBF400A967C8 /* DiktatBeauty */;
			targetProxy = D28595232265F9EF00A967C8 /* PBXContainerItemProxy */;
		};
/* End PBXTargetDependency section */

/* Begin PBXVariantGroup section */
		D28594ED2265CBF400A967C8 /* Main.storyboard */ = {
			isa = PBXVariantGroup;
			children = (
				D28594EE2265CBF400A967C8 /* Base */,
			);
			name = Main.storyboard;
			sourceTree = "<group>";
		};
		D28594F22265CBF500A967C8 /* LaunchScreen.storyboard */ = {
			isa = PBXVariantGroup;
			children = (
				D28594F32265CBF500A967C8 /* Base */,
			);
			name = LaunchScreen.storyboard;
			sourceTree = "<group>";
		};
/* End PBXVariantGroup section */

/* Begin XCBuildConfiguration section */
		D28594F62265CBF500A967C8 /* Debug */ = {
			isa = XCBuildConfiguration;
			buildSettings = {
				ALWAYS_SEARCH_USER_PATHS = NO;
				CLANG_ANALYZER_NONNULL = YES;
				CLANG_ANALYZER_NUMBER_OBJECT_CONVERSION = YES_AGGRESSIVE;
				CLANG_CXX_LANGUAGE_STANDARD = "gnu++14";
				CLANG_CXX_LIBRARY = "libc++";
				CLANG_ENABLE_MODULES = YES;
				CLANG_ENABLE_OBJC_ARC = YES;
				CLANG_ENABLE_OBJC_WEAK = YES;
				CLANG_WARN_BLOCK_CAPTURE_AUTORELEASING = YES;
				CLANG_WARN_BOOL_CONVERSION = YES;
				CLANG_WARN_COMMA = YES;
				CLANG_WARN_CONSTANT_CONVERSION = YES;
				CLANG_WARN_DEPRECATED_OBJC_IMPLEMENTATIONS = YES;
				CLANG_WARN_DIRECT_OBJC_ISA_USAGE = YES_ERROR;
				CLANG_WARN_DOCUMENTATION_COMMENTS = YES;
				CLANG_WARN_EMPTY_BODY = YES;
				CLANG_WARN_ENUM_CONVERSION = YES;
				CLANG_WARN_INFINITE_RECURSION = YES;
				CLANG_WARN_INT_CONVERSION = YES;
				CLANG_WARN_NON_LITERAL_NULL_CONVERSION = YES;
				CLANG_WARN_OBJC_IMPLICIT_RETAIN_SELF = YES;
				CLANG_WARN_OBJC_LITERAL_CONVERSION = YES;
				CLANG_WARN_OBJC_ROOT_CLASS = YES_ERROR;
				CLANG_WARN_RANGE_LOOP_ANALYSIS = YES;
				CLANG_WARN_STRICT_PROTOTYPES = YES;
				CLANG_WARN_SUSPICIOUS_MOVE = YES;
				CLANG_WARN_UNGUARDED_AVAILABILITY = YES_AGGRESSIVE;
				CLANG_WARN_UNREACHABLE_CODE = YES;
				CLANG_WARN__DUPLICATE_METHOD_MATCH = YES;
				CODE_SIGN_IDENTITY = "iPhone Developer";
				COPY_PHASE_STRIP = NO;
				DEBUG_INFORMATION_FORMAT = dwarf;
				ENABLE_STRICT_OBJC_MSGSEND = YES;
				ENABLE_TESTABILITY = YES;
				GCC_C_LANGUAGE_STANDARD = gnu11;
				GCC_DYNAMIC_NO_PIC = NO;
				GCC_NO_COMMON_BLOCKS = YES;
				GCC_OPTIMIZATION_LEVEL = 0;
				GCC_PREPROCESSOR_DEFINITIONS = (
					"DEBUG=1",
					"$(inherited)",
				);
				GCC_WARN_64_TO_32_BIT_CONVERSION = YES;
				GCC_WARN_ABOUT_RETURN_TYPE = YES_ERROR;
				GCC_WARN_UNDECLARED_SELECTOR = YES;
				GCC_WARN_UNINITIALIZED_AUTOS = YES_AGGRESSIVE;
				GCC_WARN_UNUSED_FUNCTION = YES;
				GCC_WARN_UNUSED_VARIABLE = YES;
				IPHONEOS_DEPLOYMENT_TARGET = 12.2;
				MTL_ENABLE_DEBUG_INFO = INCLUDE_SOURCE;
				MTL_FAST_MATH = YES;
				ONLY_ACTIVE_ARCH = YES;
				SDKROOT = iphoneos;
				SWIFT_ACTIVE_COMPILATION_CONDITIONS = DEBUG;
				SWIFT_OPTIMIZATION_LEVEL = "-Onone";
			};
			name = Debug;
		};
		D28594F72265CBF500A967C8 /* Release */ = {
			isa = XCBuildConfiguration;
			buildSettings = {
				ALWAYS_SEARCH_USER_PATHS = NO;
				CLANG_ANALYZER_NONNULL = YES;
				CLANG_ANALYZER_NUMBER_OBJECT_CONVERSION = YES_AGGRESSIVE;
				CLANG_CXX_LANGUAGE_STANDARD = "gnu++14";
				CLANG_CXX_LIBRARY = "libc++";
				CLANG_ENABLE_MODULES = YES;
				CLANG_ENABLE_OBJC_ARC = YES;
				CLANG_ENABLE_OBJC_WEAK = YES;
				CLANG_WARN_BLOCK_CAPTURE_AUTORELEASING = YES;
				CLANG_WARN_BOOL_CONVERSION = YES;
				CLANG_WARN_COMMA = YES;
				CLANG_WARN_CONSTANT_CONVERSION = YES;
				CLANG_WARN_DEPRECATED_OBJC_IMPLEMENTATIONS = YES;
				CLANG_WARN_DIRECT_OBJC_ISA_USAGE = YES_ERROR;
				CLANG_WARN_DOCUMENTATION_COMMENTS = YES;
				CLANG_WARN_EMPTY_BODY = YES;
				CLANG_WARN_ENUM_CONVERSION = YES;
				CLANG_WARN_INFINITE_RECURSION = YES;
				CLANG_WARN_INT_CONVERSION = YES;
				CLANG_WARN_NON_LITERAL_NULL_CONVERSION = YES;
				CLANG_WARN_OBJC_IMPLICIT_RETAIN_SELF = YES;
				CLANG_WARN_OBJC_LITERAL_CONVERSION = YES;
				CLANG_WARN_OBJC_ROOT_CLASS = YES_ERROR;
				CLANG_WARN_RANGE_LOOP_ANALYSIS = YES;
				CLANG_WARN_STRICT_PROTOTYPES = YES;
				CLANG_WARN_SUSPICIOUS_MOVE = YES;
				CLANG_WARN_UNGUARDED_AVAILABILITY = YES_AGGRESSIVE;
				CLANG_WARN_UNREACHABLE_CODE = YES;
				CLANG_WARN__DUPLICATE_METHOD_MATCH = YES;
				CODE_SIGN_IDENTITY = "iPhone Developer";
				COPY_PHASE_STRIP = NO;
				DEBUG_INFORMATION_FORMAT = "dwarf-with-dsym";
				ENABLE_NS_ASSERTIONS = NO;
				ENABLE_STRICT_OBJC_MSGSEND = YES;
				GCC_C_LANGUAGE_STANDARD = gnu11;
				GCC_NO_COMMON_BLOCKS = YES;
				GCC_WARN_64_TO_32_BIT_CONVERSION = YES;
				GCC_WARN_ABOUT_RETURN_TYPE = YES_ERROR;
				GCC_WARN_UNDECLARED_SELECTOR = YES;
				GCC_WARN_UNINITIALIZED_AUTOS = YES_AGGRESSIVE;
				GCC_WARN_UNUSED_FUNCTION = YES;
				GCC_WARN_UNUSED_VARIABLE = YES;
				IPHONEOS_DEPLOYMENT_TARGET = 12.2;
				MTL_ENABLE_DEBUG_INFO = NO;
				MTL_FAST_MATH = YES;
				SDKROOT = iphoneos;
				SWIFT_COMPILATION_MODE = wholemodule;
				SWIFT_OPTIMIZATION_LEVEL = "-O";
				VALIDATE_PRODUCT = YES;
			};
			name = Release;
		};
		D28594F92265CBF500A967C8 /* Debug */ = {
			isa = XCBuildConfiguration;
			baseConfigurationReference = B8EA35818C8505AB0D22ECCB /* Pods-DiktatBeauty.debug.xcconfig */;
			buildSettings = {
				ASSETCATALOG_COMPILER_APPICON_NAME = AppIcon;
				CODE_SIGN_STYLE = Automatic;
				DEVELOPMENT_TEAM = 5P2JB4N3W3;
				INFOPLIST_FILE = DiktatBeauty/Info.plist;
				IPHONEOS_DEPLOYMENT_TARGET = 12.2;
				LD_RUNPATH_SEARCH_PATHS = (
					"$(inherited)",
					"@executable_path/Frameworks",
				);
				PRODUCT_BUNDLE_IDENTIFIER = pinna.dev.DiktatBeauty;
				PRODUCT_NAME = "$(TARGET_NAME)";
				SWIFT_VERSION = 5.0;
				TARGETED_DEVICE_FAMILY = "1,2";
			};
			name = Debug;
		};
		D28594FA2265CBF500A967C8 /* Release */ = {
			isa = XCBuildConfiguration;
			baseConfigurationReference = 09002E0E9E74B9EFF6F320E2 /* Pods-DiktatBeauty.release.xcconfig */;
			buildSettings = {
				ASSETCATALOG_COMPILER_APPICON_NAME = AppIcon;
				CODE_SIGN_STYLE = Automatic;
				DEVELOPMENT_TEAM = 5P2JB4N3W3;
				INFOPLIST_FILE = DiktatBeauty/Info.plist;
				IPHONEOS_DEPLOYMENT_TARGET = 12.2;
				LD_RUNPATH_SEARCH_PATHS = (
					"$(inherited)",
					"@executable_path/Frameworks",
				);
				PRODUCT_BUNDLE_IDENTIFIER = pinna.dev.DiktatBeauty;
				PRODUCT_NAME = "$(TARGET_NAME)";
				SWIFT_VERSION = 5.0;
				TARGETED_DEVICE_FAMILY = "1,2";
			};
			name = Release;
		};
		D28595262265F9EF00A967C8 /* Debug */ = {
			isa = XCBuildConfiguration;
			baseConfigurationReference = 8AD51684F72013C0FA937457 /* Pods-DiktatBeautyTests.debug.xcconfig */;
			buildSettings = {
				BUNDLE_LOADER = "$(TEST_HOST)";
				CODE_SIGN_STYLE = Automatic;
				DEVELOPMENT_TEAM = 5P2JB4N3W3;
				INFOPLIST_FILE = DiktatBeautyTests/Info.plist;
				LD_RUNPATH_SEARCH_PATHS = (
					"$(inherited)",
					"@executable_path/Frameworks",
					"@loader_path/Frameworks",
				);
				PRODUCT_BUNDLE_IDENTIFIER = pinna.dev.DiktatBeautyTests;
				PRODUCT_NAME = "$(TARGET_NAME)";
				SWIFT_VERSION = 5.0;
				TARGETED_DEVICE_FAMILY = "1,2";
				TEST_HOST = "$(BUILT_PRODUCTS_DIR)/DiktatBeauty.app/DiktatBeauty";
			};
			name = Debug;
		};
		D28595272265F9EF00A967C8 /* Release */ = {
			isa = XCBuildConfiguration;
			baseConfigurationReference = 2568586EE8266140767B4E0C /* Pods-DiktatBeautyTests.release.xcconfig */;
			buildSettings = {
				BUNDLE_LOADER = "$(TEST_HOST)";
				CODE_SIGN_STYLE = Automatic;
				DEVELOPMENT_TEAM = 5P2JB4N3W3;
				INFOPLIST_FILE = DiktatBeautyTests/Info.plist;
				LD_RUNPATH_SEARCH_PATHS = (
					"$(inherited)",
					"@executable_path/Frameworks",
					"@loader_path/Frameworks",
				);
				PRODUCT_BUNDLE_IDENTIFIER = pinna.dev.DiktatBeautyTests;
				PRODUCT_NAME = "$(TARGET_NAME)";
				SWIFT_VERSION = 5.0;
				TARGETED_DEVICE_FAMILY = "1,2";
				TEST_HOST = "$(BUILT_PRODUCTS_DIR)/DiktatBeauty.app/DiktatBeauty";
			};
			name = Release;
		};
/* End XCBuildConfiguration section */

/* Begin XCConfigurationList section */
		D28594E12265CBF400A967C8 /* Build configuration list for PBXProject "DiktatBeauty" */ = {
			isa = XCConfigurationList;
			buildConfigurations = (
				D28594F62265CBF500A967C8 /* Debug */,
				D28594F72265CBF500A967C8 /* Release */,
			);
			defaultConfigurationIsVisible = 0;
			defaultConfigurationName = Release;
		};
		D28594F82265CBF500A967C8 /* Build configuration list for PBXNativeTarget "DiktatBeauty" */ = {
			isa = XCConfigurationList;
			buildConfigurations = (
				D28594F92265CBF500A967C8 /* Debug */,
				D28594FA2265CBF500A967C8 /* Release */,
			);
			defaultConfigurationIsVisible = 0;
			defaultConfigurationName = Release;
		};
		D28595252265F9EF00A967C8 /* Build configuration list for PBXNativeTarget "DiktatBeautyTests" */ = {
			isa = XCConfigurationList;
			buildConfigurations = (
				D28595262265F9EF00A967C8 /* Debug */,
				D28595272265F9EF00A967C8 /* Release */,
			);
			defaultConfigurationIsVisible = 0;
			defaultConfigurationName = Release;
		};
/* End XCConfigurationList section */
	};
	rootObject = D28594DE2265CBF400A967C8 /* Project object */;
}
