// !$*UTF8*$!
{
	archiveVersion = 1;
	classes = {
	};
	objectVersion = 50;
	objects = {

/* Begin PBXBuildFile section */
		D28594EA2265CBF400A967C8 /* AppDelegate.swift in Sources */ = {isa = PBXBuildFile; fileRef = D28594E92265CBF400A967C8 /* AppDelegate.swift */; };
		D28594EC2265CBF400A967C8 /* ViewController.swift in Sources */ = {isa = PBXBuildFile; fileRef = D28594EB2265CBF400A967C8 /* ViewController.swift */; };
		D28594EF2265CBF400A967C8 /* Main.storyboard in Resources */ = {isa = PBXBuildFile; fileRef = D28594ED2265CBF400A967C8 /* Main.storyboard */; };
		D28594F12265CBF500A967C8 /* Assets.xcassets in Resources */ = {isa = PBXBuildFile; fileRef = D28594F02265CBF500A967C8 /* Assets.xcassets */; };
		D28594F42265CBF500A967C8 /* LaunchScreen.storyboard in Resources */ = {isa = PBXBuildFile; fileRef = D28594F22265CBF500A967C8 /* LaunchScreen.storyboard */; };
		D28595032265CD7600A967C8 /* ViewController+ARSCNViewDelegate.swift in Sources */ = {isa = PBXBuildFile; fileRef = D28595022265CD7600A967C8 /* ViewController+ARSCNViewDelegate.swift */; };
		D28595052265CD9800A967C8 /* ViewController+ARSessionDelegate.swift in Sources */ = {isa = PBXBuildFile; fileRef = D28595042265CD9800A967C8 /* ViewController+ARSessionDelegate.swift */; };
		D285950A2265CEF000A967C8 /* ImageGifNodeLayer.swift in Sources */ = {isa = PBXBuildFile; fileRef = D28595062265CEF000A967C8 /* ImageGifNodeLayer.swift */; };
		D285950B2265CEF000A967C8 /* ImageNodeLayer.swift in Sources */ = {isa = PBXBuildFile; fileRef = D28595072265CEF000A967C8 /* ImageNodeLayer.swift */; };
		D285950C2265CEF000A967C8 /* ImageNode.swift in Sources */ = {isa = PBXBuildFile; fileRef = D28595082265CEF000A967C8 /* ImageNode.swift */; };
		D285950D2265CEF000A967C8 /* VideoNodeLayer.swift in Sources */ = {isa = PBXBuildFile; fileRef = D28595092265CEF000A967C8 /* VideoNodeLayer.swift */; };
/* End PBXBuildFile section */

/* Begin PBXFileReference section */
		D28594E62265CBF400A967C8 /* DiktatBeauty.app */ = {isa = PBXFileReference; explicitFileType = wrapper.application; includeInIndex = 0; path = DiktatBeauty.app; sourceTree = BUILT_PRODUCTS_DIR; };
		D28594E92265CBF400A967C8 /* AppDelegate.swift */ = {isa = PBXFileReference; lastKnownFileType = sourcecode.swift; path = AppDelegate.swift; sourceTree = "<group>"; };
		D28594EB2265CBF400A967C8 /* ViewController.swift */ = {isa = PBXFileReference; lastKnownFileType = sourcecode.swift; path = ViewController.swift; sourceTree = "<group>"; };
		D28594EE2265CBF400A967C8 /* Base */ = {isa = PBXFileReference; lastKnownFileType = file.storyboard; name = Base; path = Base.lproj/Main.storyboard; sourceTree = "<group>"; };
		D28594F02265CBF500A967C8 /* Assets.xcassets */ = {isa = PBXFileReference; lastKnownFileType = folder.assetcatalog; path = Assets.xcassets; sourceTree = "<group>"; };
		D28594F32265CBF500A967C8 /* Base */ = {isa = PBXFileReference; lastKnownFileType = file.storyboard; name = Base; path = Base.lproj/LaunchScreen.storyboard; sourceTree = "<group>"; };
		D28594F52265CBF500A967C8 /* Info.plist */ = {isa = PBXFileReference; lastKnownFileType = text.plist.xml; path = Info.plist; sourceTree = "<group>"; };
		D28595022265CD7600A967C8 /* ViewController+ARSCNViewDelegate.swift */ = {isa = PBXFileReference; lastKnownFileType = sourcecode.swift; path = "ViewController+ARSCNViewDelegate.swift"; sourceTree = "<group>"; };
		D28595042265CD9800A967C8 /* ViewController+ARSessionDelegate.swift */ = {isa = PBXFileReference; lastKnownFileType = sourcecode.swift; path = "ViewController+ARSessionDelegate.swift"; sourceTree = "<group>"; };
		D28595062265CEF000A967C8 /* ImageGifNodeLayer.swift */ = {isa = PBXFileReference; fileEncoding = 4; lastKnownFileType = sourcecode.swift; path = ImageGifNodeLayer.swift; sourceTree = "<group>"; };
		D28595072265CEF000A967C8 /* ImageNodeLayer.swift */ = {isa = PBXFileReference; fileEncoding = 4; lastKnownFileType = sourcecode.swift; path = ImageNodeLayer.swift; sourceTree = "<group>"; };
		D28595082265CEF000A967C8 /* ImageNode.swift */ = {isa = PBXFileReference; fileEncoding = 4; lastKnownFileType = sourcecode.swift; path = ImageNode.swift; sourceTree = "<group>"; };
		D28595092265CEF000A967C8 /* VideoNodeLayer.swift */ = {isa = PBXFileReference; fileEncoding = 4; lastKnownFileType = sourcecode.swift; path = VideoNodeLayer.swift; sourceTree = "<group>"; };
/* End PBXFileReference section */

/* Begin PBXFrameworksBuildPhase section */
		D28594E32265CBF400A967C8 /* Frameworks */ = {
			isa = PBXFrameworksBuildPhase;
			buildActionMask = 2147483647;
			files = (
			);
			runOnlyForDeploymentPostprocessing = 0;
		};
/* End PBXFrameworksBuildPhase section */

/* Begin PBXGroup section */
		D28594DD2265CBF400A967C8 = {
			isa = PBXGroup;
			children = (
				D28594E82265CBF400A967C8 /* DiktatBeauty */,
				D28594E72265CBF400A967C8 /* Products */,
			);
			sourceTree = "<group>";
		};
		D28594E72265CBF400A967C8 /* Products */ = {
			isa = PBXGroup;
			children = (
				D28594E62265CBF400A967C8 /* DiktatBeauty.app */,
			);
			name = Products;
			sourceTree = "<group>";
		};
		D28594E82265CBF400A967C8 /* DiktatBeauty */ = {
			isa = PBXGroup;
			children = (
				D28594F52265CBF500A967C8 /* Info.plist */,
				D28594FD2265CC2B00A967C8 /* Resources */,
				D28594FC2265CC2500A967C8 /* Global */,
				D28594FB2265CC1D00A967C8 /* Features */,
				D28594E92265CBF400A967C8 /* AppDelegate.swift */,
			);
			path = DiktatBeauty;
			sourceTree = "<group>";
		};
		D28594FB2265CC1D00A967C8 /* Features */ = {
			isa = PBXGroup;
			children = (
				D28594FE2265CC4700A967C8 /* AR */,
			);
			path = Features;
			sourceTree = "<group>";
		};
		D28594FC2265CC2500A967C8 /* Global */ = {
			isa = PBXGroup;
			children = (
			);
			path = Global;
			sourceTree = "<group>";
		};
		D28594FD2265CC2B00A967C8 /* Resources */ = {
			isa = PBXGroup;
			children = (
				D28594F02265CBF500A967C8 /* Assets.xcassets */,
				D28594F22265CBF500A967C8 /* LaunchScreen.storyboard */,
				D28594ED2265CBF400A967C8 /* Main.storyboard */,
			);
			path = Resources;
			sourceTree = "<group>";
		};
		D28594FE2265CC4700A967C8 /* AR */ = {
			isa = PBXGroup;
			children = (
				D28595012265CC6700A967C8 /* Services */,
				D28595002265CC5D00A967C8 /* Models */,
				D28594FF2265CC5400A967C8 /* ViewControllers */,
			);
			path = AR;
			sourceTree = "<group>";
		};
		D28594FF2265CC5400A967C8 /* ViewControllers */ = {
			isa = PBXGroup;
			children = (
				D28594EB2265CBF400A967C8 /* ViewController.swift */,
				D28595022265CD7600A967C8 /* ViewController+ARSCNViewDelegate.swift */,
				D28595042265CD9800A967C8 /* ViewController+ARSessionDelegate.swift */,
			);
			path = ViewControllers;
			sourceTree = "<group>";
		};
		D28595002265CC5D00A967C8 /* Models */ = {
			isa = PBXGroup;
			children = (
				D28595062265CEF000A967C8 /* ImageGifNodeLayer.swift */,
				D28595082265CEF000A967C8 /* ImageNode.swift */,
				D28595072265CEF000A967C8 /* ImageNodeLayer.swift */,
				D28595092265CEF000A967C8 /* VideoNodeLayer.swift */,
			);
			path = Models;
			sourceTree = "<group>";
		};
		D28595012265CC6700A967C8 /* Services */ = {
			isa = PBXGroup;
			children = (
			);
			path = Services;
			sourceTree = "<group>";
		};
/* End PBXGroup section */

/* Begin PBXNativeTarget section */
		D28594E52265CBF400A967C8 /* DiktatBeauty */ = {
			isa = PBXNativeTarget;
			buildConfigurationList = D28594F82265CBF500A967C8 /* Build configuration list for PBXNativeTarget "DiktatBeauty" */;
			buildPhases = (
				D28594E22265CBF400A967C8 /* Sources */,
				D28594E32265CBF400A967C8 /* Frameworks */,
				D28594E42265CBF400A967C8 /* Resources */,
			);
			buildRules = (
			);
			dependencies = (
			);
			name = DiktatBeauty;
			productName = DiktatBeauty;
			productReference = D28594E62265CBF400A967C8 /* DiktatBeauty.app */;
			productType = "com.apple.product-type.application";
		};
/* End PBXNativeTarget section */

/* Begin PBXProject section */
		D28594DE2265CBF400A967C8 /* Project object */ = {
			isa = PBXProject;
			attributes = {
				LastSwiftUpdateCheck = 1020;
				LastUpgradeCheck = 1020;
				ORGANIZATIONNAME = "Loris Pinna";
				TargetAttributes = {
					D28594E52265CBF400A967C8 = {
						CreatedOnToolsVersion = 10.2;
					};
				};
			};
			buildConfigurationList = D28594E12265CBF400A967C8 /* Build configuration list for PBXProject "DiktatBeauty" */;
			compatibilityVersion = "Xcode 9.3";
			developmentRegion = en;
			hasScannedForEncodings = 0;
			knownRegions = (
				en,
				Base,
			);
			mainGroup = D28594DD2265CBF400A967C8;
			productRefGroup = D28594E72265CBF400A967C8 /* Products */;
			projectDirPath = "";
			projectRoot = "";
			targets = (
				D28594E52265CBF400A967C8 /* DiktatBeauty */,
			);
		};
/* End PBXProject section */

/* Begin PBXResourcesBuildPhase section */
		D28594E42265CBF400A967C8 /* Resources */ = {
			isa = PBXResourcesBuildPhase;
			buildActionMask = 2147483647;
			files = (
				D28594F42265CBF500A967C8 /* LaunchScreen.storyboard in Resources */,
				D28594F12265CBF500A967C8 /* Assets.xcassets in Resources */,
				D28594EF2265CBF400A967C8 /* Main.storyboard in Resources */,
			);
			runOnlyForDeploymentPostprocessing = 0;
		};
/* End PBXResourcesBuildPhase section */

/* Begin PBXSourcesBuildPhase section */
		D28594E22265CBF400A967C8 /* Sources */ = {
			isa = PBXSourcesBuildPhase;
			buildActionMask = 2147483647;
			files = (
				D285950C2265CEF000A967C8 /* ImageNode.swift in Sources */,
				D285950D2265CEF000A967C8 /* VideoNodeLayer.swift in Sources */,
				D28595032265CD7600A967C8 /* ViewController+ARSCNViewDelegate.swift in Sources */,
				D28595052265CD9800A967C8 /* ViewController+ARSessionDelegate.swift in Sources */,
				D28594EC2265CBF400A967C8 /* ViewController.swift in Sources */,
				D285950B2265CEF000A967C8 /* ImageNodeLayer.swift in Sources */,
				D285950A2265CEF000A967C8 /* ImageGifNodeLayer.swift in Sources */,
				D28594EA2265CBF400A967C8 /* AppDelegate.swift in Sources */,
			);
			runOnlyForDeploymentPostprocessing = 0;
		};
/* End PBXSourcesBuildPhase section */

/* Begin PBXVariantGroup section */
		D28594ED2265CBF400A967C8 /* Main.storyboard */ = {
			isa = PBXVariantGroup;
			children = (
				D28594EE2265CBF400A967C8 /* Base */,
			);
			name = Main.storyboard;
			sourceTree = "<group>";
		};
		D28594F22265CBF500A967C8 /* LaunchScreen.storyboard */ = {
			isa = PBXVariantGroup;
			children = (
				D28594F32265CBF500A967C8 /* Base */,
			);
			name = LaunchScreen.storyboard;
			sourceTree = "<group>";
		};
/* End PBXVariantGroup section */

/* Begin XCBuildConfiguration section */
		D28594F62265CBF500A967C8 /* Debug */ = {
			isa = XCBuildConfiguration;
			buildSettings = {
				ALWAYS_SEARCH_USER_PATHS = NO;
				CLANG_ANALYZER_NONNULL = YES;
				CLANG_ANALYZER_NUMBER_OBJECT_CONVERSION = YES_AGGRESSIVE;
				CLANG_CXX_LANGUAGE_STANDARD = "gnu++14";
				CLANG_CXX_LIBRARY = "libc++";
				CLANG_ENABLE_MODULES = YES;
				CLANG_ENABLE_OBJC_ARC = YES;
				CLANG_ENABLE_OBJC_WEAK = YES;
				CLANG_WARN_BLOCK_CAPTURE_AUTORELEASING = YES;
				CLANG_WARN_BOOL_CONVERSION = YES;
				CLANG_WARN_COMMA = YES;
				CLANG_WARN_CONSTANT_CONVERSION = YES;
				CLANG_WARN_DEPRECATED_OBJC_IMPLEMENTATIONS = YES;
				CLANG_WARN_DIRECT_OBJC_ISA_USAGE = YES_ERROR;
				CLANG_WARN_DOCUMENTATION_COMMENTS = YES;
				CLANG_WARN_EMPTY_BODY = YES;
				CLANG_WARN_ENUM_CONVERSION = YES;
				CLANG_WARN_INFINITE_RECURSION = YES;
				CLANG_WARN_INT_CONVERSION = YES;
				CLANG_WARN_NON_LITERAL_NULL_CONVERSION = YES;
				CLANG_WARN_OBJC_IMPLICIT_RETAIN_SELF = YES;
				CLANG_WARN_OBJC_LITERAL_CONVERSION = YES;
				CLANG_WARN_OBJC_ROOT_CLASS = YES_ERROR;
				CLANG_WARN_RANGE_LOOP_ANALYSIS = YES;
				CLANG_WARN_STRICT_PROTOTYPES = YES;
				CLANG_WARN_SUSPICIOUS_MOVE = YES;
				CLANG_WARN_UNGUARDED_AVAILABILITY = YES_AGGRESSIVE;
				CLANG_WARN_UNREACHABLE_CODE = YES;
				CLANG_WARN__DUPLICATE_METHOD_MATCH = YES;
				CODE_SIGN_IDENTITY = "iPhone Developer";
				COPY_PHASE_STRIP = NO;
				DEBUG_INFORMATION_FORMAT = dwarf;
				ENABLE_STRICT_OBJC_MSGSEND = YES;
				ENABLE_TESTABILITY = YES;
				GCC_C_LANGUAGE_STANDARD = gnu11;
				GCC_DYNAMIC_NO_PIC = NO;
				GCC_NO_COMMON_BLOCKS = YES;
				GCC_OPTIMIZATION_LEVEL = 0;
				GCC_PREPROCESSOR_DEFINITIONS = (
					"DEBUG=1",
					"$(inherited)",
				);
				GCC_WARN_64_TO_32_BIT_CONVERSION = YES;
				GCC_WARN_ABOUT_RETURN_TYPE = YES_ERROR;
				GCC_WARN_UNDECLARED_SELECTOR = YES;
				GCC_WARN_UNINITIALIZED_AUTOS = YES_AGGRESSIVE;
				GCC_WARN_UNUSED_FUNCTION = YES;
				GCC_WARN_UNUSED_VARIABLE = YES;
				IPHONEOS_DEPLOYMENT_TARGET = 12.2;
				MTL_ENABLE_DEBUG_INFO = INCLUDE_SOURCE;
				MTL_FAST_MATH = YES;
				ONLY_ACTIVE_ARCH = YES;
				SDKROOT = iphoneos;
				SWIFT_ACTIVE_COMPILATION_CONDITIONS = DEBUG;
				SWIFT_OPTIMIZATION_LEVEL = "-Onone";
			};
			name = Debug;
		};
		D28594F72265CBF500A967C8 /* Release */ = {
			isa = XCBuildConfiguration;
			buildSettings = {
				ALWAYS_SEARCH_USER_PATHS = NO;
				CLANG_ANALYZER_NONNULL = YES;
				CLANG_ANALYZER_NUMBER_OBJECT_CONVERSION = YES_AGGRESSIVE;
				CLANG_CXX_LANGUAGE_STANDARD = "gnu++14";
				CLANG_CXX_LIBRARY = "libc++";
				CLANG_ENABLE_MODULES = YES;
				CLANG_ENABLE_OBJC_ARC = YES;
				CLANG_ENABLE_OBJC_WEAK = YES;
				CLANG_WARN_BLOCK_CAPTURE_AUTORELEASING = YES;
				CLANG_WARN_BOOL_CONVERSION = YES;
				CLANG_WARN_COMMA = YES;
				CLANG_WARN_CONSTANT_CONVERSION = YES;
				CLANG_WARN_DEPRECATED_OBJC_IMPLEMENTATIONS = YES;
				CLANG_WARN_DIRECT_OBJC_ISA_USAGE = YES_ERROR;
				CLANG_WARN_DOCUMENTATION_COMMENTS = YES;
				CLANG_WARN_EMPTY_BODY = YES;
				CLANG_WARN_ENUM_CONVERSION = YES;
				CLANG_WARN_INFINITE_RECURSION = YES;
				CLANG_WARN_INT_CONVERSION = YES;
				CLANG_WARN_NON_LITERAL_NULL_CONVERSION = YES;
				CLANG_WARN_OBJC_IMPLICIT_RETAIN_SELF = YES;
				CLANG_WARN_OBJC_LITERAL_CONVERSION = YES;
				CLANG_WARN_OBJC_ROOT_CLASS = YES_ERROR;
				CLANG_WARN_RANGE_LOOP_ANALYSIS = YES;
				CLANG_WARN_STRICT_PROTOTYPES = YES;
				CLANG_WARN_SUSPICIOUS_MOVE = YES;
				CLANG_WARN_UNGUARDED_AVAILABILITY = YES_AGGRESSIVE;
				CLANG_WARN_UNREACHABLE_CODE = YES;
				CLANG_WARN__DUPLICATE_METHOD_MATCH = YES;
				CODE_SIGN_IDENTITY = "iPhone Developer";
				COPY_PHASE_STRIP = NO;
				DEBUG_INFORMATION_FORMAT = "dwarf-with-dsym";
				ENABLE_NS_ASSERTIONS = NO;
				ENABLE_STRICT_OBJC_MSGSEND = YES;
				GCC_C_LANGUAGE_STANDARD = gnu11;
				GCC_NO_COMMON_BLOCKS = YES;
				GCC_WARN_64_TO_32_BIT_CONVERSION = YES;
				GCC_WARN_ABOUT_RETURN_TYPE = YES_ERROR;
				GCC_WARN_UNDECLARED_SELECTOR = YES;
				GCC_WARN_UNINITIALIZED_AUTOS = YES_AGGRESSIVE;
				GCC_WARN_UNUSED_FUNCTION = YES;
				GCC_WARN_UNUSED_VARIABLE = YES;
				IPHONEOS_DEPLOYMENT_TARGET = 12.2;
				MTL_ENABLE_DEBUG_INFO = NO;
				MTL_FAST_MATH = YES;
				SDKROOT = iphoneos;
				SWIFT_COMPILATION_MODE = wholemodule;
				SWIFT_OPTIMIZATION_LEVEL = "-O";
				VALIDATE_PRODUCT = YES;
			};
			name = Release;
		};
		D28594F92265CBF500A967C8 /* Debug */ = {
			isa = XCBuildConfiguration;
			buildSettings = {
				ASSETCATALOG_COMPILER_APPICON_NAME = AppIcon;
				CODE_SIGN_STYLE = Automatic;
				DEVELOPMENT_TEAM = 5P2JB4N3W3;
				INFOPLIST_FILE = DiktatBeauty/Info.plist;
				LD_RUNPATH_SEARCH_PATHS = (
					"$(inherited)",
					"@executable_path/Frameworks",
				);
				PRODUCT_BUNDLE_IDENTIFIER = pinna.dev.DiktatBeauty;
				PRODUCT_NAME = "$(TARGET_NAME)";
				SWIFT_VERSION = 5.0;
				TARGETED_DEVICE_FAMILY = "1,2";
			};
			name = Debug;
		};
		D28594FA2265CBF500A967C8 /* Release */ = {
			isa = XCBuildConfiguration;
			buildSettings = {
				ASSETCATALOG_COMPILER_APPICON_NAME = AppIcon;
				CODE_SIGN_STYLE = Automatic;
				DEVELOPMENT_TEAM = 5P2JB4N3W3;
				INFOPLIST_FILE = DiktatBeauty/Info.plist;
				LD_RUNPATH_SEARCH_PATHS = (
					"$(inherited)",
					"@executable_path/Frameworks",
				);
				PRODUCT_BUNDLE_IDENTIFIER = pinna.dev.DiktatBeauty;
				PRODUCT_NAME = "$(TARGET_NAME)";
				SWIFT_VERSION = 5.0;
				TARGETED_DEVICE_FAMILY = "1,2";
			};
			name = Release;
		};
/* End XCBuildConfiguration section */

/* Begin XCConfigurationList section */
		D28594E12265CBF400A967C8 /* Build configuration list for PBXProject "DiktatBeauty" */ = {
			isa = XCConfigurationList;
			buildConfigurations = (
				D28594F62265CBF500A967C8 /* Debug */,
				D28594F72265CBF500A967C8 /* Release */,
			);
			defaultConfigurationIsVisible = 0;
			defaultConfigurationName = Release;
		};
		D28594F82265CBF500A967C8 /* Build configuration list for PBXNativeTarget "DiktatBeauty" */ = {
			isa = XCConfigurationList;
			buildConfigurations = (
				D28594F92265CBF500A967C8 /* Debug */,
				D28594FA2265CBF500A967C8 /* Release */,
			);
			defaultConfigurationIsVisible = 0;
			defaultConfigurationName = Release;
		};
/* End XCConfigurationList section */
	};
	rootObject = D28594DE2265CBF400A967C8 /* Project object */;
}
